// !$*UTF8*$!
{
	archiveVersion = 1;
	classes = {
	};
	objectVersion = 51;
	objects = {

/* Begin PBXBuildFile section */
		BCF239032435926500F43231 /* AppDelegate.swift in Sources */ = {isa = PBXBuildFile; fileRef = BCF239022435926500F43231 /* AppDelegate.swift */; };
		BCF239052435926500F43231 /* SceneDelegate.swift in Sources */ = {isa = PBXBuildFile; fileRef = BCF239042435926500F43231 /* SceneDelegate.swift */; };
		BCF239072435926500F43231 /* ViewController.swift in Sources */ = {isa = PBXBuildFile; fileRef = BCF239062435926500F43231 /* ViewController.swift */; };
		BCF2390A2435926500F43231 /* Main.storyboard in Resources */ = {isa = PBXBuildFile; fileRef = BCF239082435926500F43231 /* Main.storyboard */; };
		BCF2390C2435926500F43231 /* Assets.xcassets in Resources */ = {isa = PBXBuildFile; fileRef = BCF2390B2435926500F43231 /* Assets.xcassets */; };
		BCF2390F2435926500F43231 /* LaunchScreen.storyboard in Resources */ = {isa = PBXBuildFile; fileRef = BCF2390D2435926500F43231 /* LaunchScreen.storyboard */; };
		BCF23919243592BF00F43231 /* CycleView.swift in Sources */ = {isa = PBXBuildFile; fileRef = BCF23918243592BF00F43231 /* CycleView.swift */; };
/* End PBXBuildFile section */

/* Begin PBXFileReference section */
		0DF297CA88F6A5B1C0A94C63 /* Pods-Swift无限轮播.release.xcconfig */ = {isa = PBXFileReference; includeInIndex = 1; lastKnownFileType = text.xcconfig; name = "Pods-Swift无限轮播.release.xcconfig"; path = "Target Support Files/Pods-Swift无限轮播/Pods-Swift无限轮播.release.xcconfig"; sourceTree = "<group>"; };
		8A84645219C0E578A285E5E6 /* Pods_Swift____.framework */ = {isa = PBXFileReference; explicitFileType = wrapper.framework; includeInIndex = 0; path = "Pods_Swift____.framework"; sourceTree = BUILT_PRODUCTS_DIR; };
		BCF238FF2435926500F43231 /* Swift无限轮播.app */ = {isa = PBXFileReference; explicitFileType = wrapper.application; includeInIndex = 0; path = "Swift无限轮播.app"; sourceTree = BUILT_PRODUCTS_DIR; };
		BCF239022435926500F43231 /* AppDelegate.swift */ = {isa = PBXFileReference; lastKnownFileType = sourcecode.swift; path = AppDelegate.swift; sourceTree = "<group>"; };
		BCF239042435926500F43231 /* SceneDelegate.swift */ = {isa = PBXFileReference; lastKnownFileType = sourcecode.swift; path = SceneDelegate.swift; sourceTree = "<group>"; };
		BCF239062435926500F43231 /* ViewController.swift */ = {isa = PBXFileReference; lastKnownFileType = sourcecode.swift; path = ViewController.swift; sourceTree = "<group>"; };
		BCF239092435926500F43231 /* Base */ = {isa = PBXFileReference; lastKnownFileType = file.storyboard; name = Base; path = Base.lproj/Main.storyboard; sourceTree = "<group>"; };
		BCF2390B2435926500F43231 /* Assets.xcassets */ = {isa = PBXFileReference; lastKnownFileType = folder.assetcatalog; path = Assets.xcassets; sourceTree = "<group>"; };
		BCF2390E2435926500F43231 /* Base */ = {isa = PBXFileReference; lastKnownFileType = file.storyboard; name = Base; path = Base.lproj/LaunchScreen.storyboard; sourceTree = "<group>"; };
		BCF239102435926500F43231 /* Info.plist */ = {isa = PBXFileReference; lastKnownFileType = text.plist.xml; path = Info.plist; sourceTree = "<group>"; };
		BCF23918243592BF00F43231 /* CycleView.swift */ = {isa = PBXFileReference; lastKnownFileType = sourcecode.swift; path = CycleView.swift; sourceTree = "<group>"; };
		EF80ED14EBE1618C7605980C /* Pods-Swift无限轮播.debug.xcconfig */ = {isa = PBXFileReference; includeInIndex = 1; lastKnownFileType = text.xcconfig; name = "Pods-Swift无限轮播.debug.xcconfig"; path = "Target Support Files/Pods-Swift无限轮播/Pods-Swift无限轮播.debug.xcconfig"; sourceTree = "<group>"; };
/* End PBXFileReference section */

/* Begin PBXFrameworksBuildPhase section */
		BCF238FC2435926500F43231 /* Frameworks */ = {
			isa = PBXFrameworksBuildPhase;
			buildActionMask = 2147483647;
			files = (
			);
			runOnlyForDeploymentPostprocessing = 0;
		};
/* End PBXFrameworksBuildPhase section */

/* Begin PBXGroup section */
		A34748AF0FEB5557B3D95119 /* Pods */ = {
			isa = PBXGroup;
			children = (
				EF80ED14EBE1618C7605980C /* Pods-Swift无限轮播.debug.xcconfig */,
				0DF297CA88F6A5B1C0A94C63 /* Pods-Swift无限轮播.release.xcconfig */,
			);
			path = Pods;
			sourceTree = "<group>";
		};
		BCF238F62435926500F43231 = {
			isa = PBXGroup;
			children = (
				BCF239012435926500F43231 /* Swift无限轮播 */,
				BCF239002435926500F43231 /* Products */,
				A34748AF0FEB5557B3D95119 /* Pods */,
				D04CC8516575A97C9009C73B /* Frameworks */,
			);
			sourceTree = "<group>";
		};
		BCF239002435926500F43231 /* Products */ = {
			isa = PBXGroup;
			children = (
				BCF238FF2435926500F43231 /* Swift无限轮播.app */,
			);
			name = Products;
			sourceTree = "<group>";
		};
		BCF239012435926500F43231 /* Swift无限轮播 */ = {
			isa = PBXGroup;
			children = (
				BCF239022435926500F43231 /* AppDelegate.swift */,
				BCF239042435926500F43231 /* SceneDelegate.swift */,
				BCF239062435926500F43231 /* ViewController.swift */,
				BCF23918243592BF00F43231 /* CycleView.swift */,
				BCF239082435926500F43231 /* Main.storyboard */,
				BCF2390B2435926500F43231 /* Assets.xcassets */,
				BCF2390D2435926500F43231 /* LaunchScreen.storyboard */,
				BCF239102435926500F43231 /* Info.plist */,
			);
			path = "Swift无限轮播";
			sourceTree = "<group>";
		};
		D04CC8516575A97C9009C73B /* Frameworks */ = {
			isa = PBXGroup;
			children = (
				8A84645219C0E578A285E5E6 /* Pods_Swift____.framework */,
			);
			name = Frameworks;
			sourceTree = "<group>";
		};
/* End PBXGroup section */

/* Begin PBXNativeTarget section */
		BCF238FE2435926500F43231 /* Swift无限轮播 */ = {
			isa = PBXNativeTarget;
			buildConfigurationList = BCF239132435926500F43231 /* Build configuration list for PBXNativeTarget "Swift无限轮播" */;
			buildPhases = (
				5AC2AD0038148BA65ACCFE85 /* [CP] Check Pods Manifest.lock */,
				BCF238FB2435926500F43231 /* Sources */,
				BCF238FC2435926500F43231 /* Frameworks */,
				BCF238FD2435926500F43231 /* Resources */,
				4D4BDCB23685E0613FC740BE /* [CP] Embed Pods Frameworks */,
			);
			buildRules = (
			);
			dependencies = (
			);
			name = "Swift无限轮播";
			productName = "Swift无限轮播";
			productReference = BCF238FF2435926500F43231 /* Swift无限轮播.app */;
			productType = "com.apple.product-type.application";
		};
/* End PBXNativeTarget section */

/* Begin PBXProject section */
		BCF238F72435926500F43231 /* Project object */ = {
			isa = PBXProject;
			attributes = {
				LastSwiftUpdateCheck = 1100;
				LastUpgradeCheck = 1100;
				ORGANIZATIONNAME = jimwan;
				TargetAttributes = {
					BCF238FE2435926500F43231 = {
						CreatedOnToolsVersion = 11.0;
					};
				};
			};
			buildConfigurationList = BCF238FA2435926500F43231 /* Build configuration list for PBXProject "Swift无限轮播" */;
			compatibilityVersion = "Xcode 9.3";
			developmentRegion = en;
			hasScannedForEncodings = 0;
			knownRegions = (
				en,
				Base,
			);
			mainGroup = BCF238F62435926500F43231;
			productRefGroup = BCF239002435926500F43231 /* Products */;
			projectDirPath = "";
			projectRoot = "";
			targets = (
				BCF238FE2435926500F43231 /* Swift无限轮播 */,
			);
		};
/* End PBXProject section */

/* Begin PBXResourcesBuildPhase section */
		BCF238FD2435926500F43231 /* Resources */ = {
			isa = PBXResourcesBuildPhase;
			buildActionMask = 2147483647;
			files = (
				BCF2390F2435926500F43231 /* LaunchScreen.storyboard in Resources */,
				BCF2390C2435926500F43231 /* Assets.xcassets in Resources */,
				BCF2390A2435926500F43231 /* Main.storyboard in Resources */,
			);
			runOnlyForDeploymentPostprocessing = 0;
		};
/* End PBXResourcesBuildPhase section */

/* Begin PBXShellScriptBuildPhase section */
		4D4BDCB23685E0613FC740BE /* [CP] Embed Pods Frameworks */ = {
			isa = PBXShellScriptBuildPhase;
			buildActionMask = 2147483647;
			files = (
			);
			inputFileListPaths = (
				"${PODS_ROOT}/Target Support Files/Pods-Swift无限轮播/Pods-Swift无限轮播-frameworks-${CONFIGURATION}-input-files.xcfilelist",
			);
			name = "[CP] Embed Pods Frameworks";
			outputFileListPaths = (
				"${PODS_ROOT}/Target Support Files/Pods-Swift无限轮播/Pods-Swift无限轮播-frameworks-${CONFIGURATION}-output-files.xcfilelist",
			);
			runOnlyForDeploymentPostprocessing = 0;
			shellPath = /bin/sh;
			shellScript = "\"${PODS_ROOT}/Target Support Files/Pods-Swift无限轮播/Pods-Swift无限轮播-frameworks.sh\"\n";
			showEnvVarsInLog = 0;
		};
		5AC2AD0038148BA65ACCFE85 /* [CP] Check Pods Manifest.lock */ = {
			isa = PBXShellScriptBuildPhase;
			buildActionMask = 2147483647;
			files = (
			);
			inputFileListPaths = (
			);
			inputPaths = (
				"${PODS_PODFILE_DIR_PATH}/Podfile.lock",
				"${PODS_ROOT}/Manifest.lock",
			);
			name = "[CP] Check Pods Manifest.lock";
			outputFileListPaths = (
			);
			outputPaths = (
				"$(DERIVED_FILE_DIR)/Pods-Swift无限轮播-checkManifestLockResult.txt",
			);
			runOnlyForDeploymentPostprocessing = 0;
			shellPath = /bin/sh;
			shellScript = "diff \"${PODS_PODFILE_DIR_PATH}/Podfile.lock\" \"${PODS_ROOT}/Manifest.lock\" > /dev/null\nif [ $? != 0 ] ; then\n    # print error to STDERR\n    echo \"error: The sandbox is not in sync with the Podfile.lock. Run 'pod install' or update your CocoaPods installation.\" >&2\n    exit 1\nfi\n# This output is used by Xcode 'outputs' to avoid re-running this script phase.\necho \"SUCCESS\" > \"${SCRIPT_OUTPUT_FILE_0}\"\n";
			showEnvVarsInLog = 0;
		};
/* End PBXShellScriptBuildPhase section */

/* Begin PBXSourcesBuildPhase section */
		BCF238FB2435926500F43231 /* Sources */ = {
			isa = PBXSourcesBuildPhase;
			buildActionMask = 2147483647;
			files = (
				BCF239072435926500F43231 /* ViewController.swift in Sources */,
				BCF23919243592BF00F43231 /* CycleView.swift in Sources */,
				BCF239032435926500F43231 /* AppDelegate.swift in Sources */,
				BCF239052435926500F43231 /* SceneDelegate.swift in Sources */,
			);
			runOnlyForDeploymentPostprocessing = 0;
		};
/* End PBXSourcesBuildPhase section */

/* Begin PBXVariantGroup section */
		BCF239082435926500F43231 /* Main.storyboard */ = {
			isa = PBXVariantGroup;
			children = (
				BCF239092435926500F43231 /* Base */,
			);
			name = Main.storyboard;
			sourceTree = "<group>";
		};
		BCF2390D2435926500F43231 /* LaunchScreen.storyboard */ = {
			isa = PBXVariantGroup;
			children = (
				BCF2390E2435926500F43231 /* Base */,
			);
			name = LaunchScreen.storyboard;
			sourceTree = "<group>";
		};
/* End PBXVariantGroup section */

/* Begin XCBuildConfiguration section */
		BCF239112435926500F43231 /* Debug */ = {
			isa = XCBuildConfiguration;
			buildSettings = {
				ALWAYS_SEARCH_USER_PATHS = NO;
				CLANG_ANALYZER_NONNULL = YES;
				CLANG_ANALYZER_NUMBER_OBJECT_CONVERSION = YES_AGGRESSIVE;
				CLANG_CXX_LANGUAGE_STANDARD = "gnu++14";
				CLANG_CXX_LIBRARY = "libc++";
				CLANG_ENABLE_MODULES = YES;
				CLANG_ENABLE_OBJC_ARC = YES;
				CLANG_ENABLE_OBJC_WEAK = YES;
				CLANG_WARN_BLOCK_CAPTURE_AUTORELEASING = YES;
				CLANG_WARN_BOOL_CONVERSION = YES;
				CLANG_WARN_COMMA = YES;
				CLANG_WARN_CONSTANT_CONVERSION = YES;
				CLANG_WARN_DEPRECATED_OBJC_IMPLEMENTATIONS = YES;
				CLANG_WARN_DIRECT_OBJC_ISA_USAGE = YES_ERROR;
				CLANG_WARN_DOCUMENTATION_COMMENTS = YES;
				CLANG_WARN_EMPTY_BODY = YES;
				CLANG_WARN_ENUM_CONVERSION = YES;
				CLANG_WARN_INFINITE_RECURSION = YES;
				CLANG_WARN_INT_CONVERSION = YES;
				CLANG_WARN_NON_LITERAL_NULL_CONVERSION = YES;
				CLANG_WARN_OBJC_IMPLICIT_RETAIN_SELF = YES;
				CLANG_WARN_OBJC_LITERAL_CONVERSION = YES;
				CLANG_WARN_OBJC_ROOT_CLASS = YES_ERROR;
				CLANG_WARN_RANGE_LOOP_ANALYSIS = YES;
				CLANG_WARN_STRICT_PROTOTYPES = YES;
				CLANG_WARN_SUSPICIOUS_MOVE = YES;
				CLANG_WARN_UNGUARDED_AVAILABILITY = YES_AGGRESSIVE;
				CLANG_WARN_UNREACHABLE_CODE = YES;
				CLANG_WARN__DUPLICATE_METHOD_MATCH = YES;
				COPY_PHASE_STRIP = NO;
				DEBUG_INFORMATION_FORMAT = dwarf;
				ENABLE_STRICT_OBJC_MSGSEND = YES;
				ENABLE_TESTABILITY = YES;
				GCC_C_LANGUAGE_STANDARD = gnu11;
				GCC_DYNAMIC_NO_PIC = NO;
				GCC_NO_COMMON_BLOCKS = YES;
				GCC_OPTIMIZATION_LEVEL = 0;
				GCC_PREPROCESSOR_DEFINITIONS = (
					"DEBUG=1",
					"$(inherited)",
				);
				GCC_WARN_64_TO_32_BIT_CONVERSION = YES;
				GCC_WARN_ABOUT_RETURN_TYPE = YES_ERROR;
				GCC_WARN_UNDECLARED_SELECTOR = YES;
				GCC_WARN_UNINITIALIZED_AUTOS = YES_AGGRESSIVE;
				GCC_WARN_UNUSED_FUNCTION = YES;
				GCC_WARN_UNUSED_VARIABLE = YES;
				IPHONEOS_DEPLOYMENT_TARGET = 13.0;
				MTL_ENABLE_DEBUG_INFO = INCLUDE_SOURCE;
				MTL_FAST_MATH = YES;
				ONLY_ACTIVE_ARCH = YES;
				SDKROOT = iphoneos;
				SWIFT_ACTIVE_COMPILATION_CONDITIONS = DEBUG;
				SWIFT_OPTIMIZATION_LEVEL = "-Onone";
			};
			name = Debug;
		};
		BCF239122435926500F43231 /* Release */ = {
			isa = XCBuildConfiguration;
			buildSettings = {
				ALWAYS_SEARCH_USER_PATHS = NO;
				CLANG_ANALYZER_NONNULL = YES;
				CLANG_ANALYZER_NUMBER_OBJECT_CONVERSION = YES_AGGRESSIVE;
				CLANG_CXX_LANGUAGE_STANDARD = "gnu++14";
				CLANG_CXX_LIBRARY = "libc++";
				CLANG_ENABLE_MODULES = YES;
				CLANG_ENABLE_OBJC_ARC = YES;
				CLANG_ENABLE_OBJC_WEAK = YES;
				CLANG_WARN_BLOCK_CAPTURE_AUTORELEASING = YES;
				CLANG_WARN_BOOL_CONVERSION = YES;
				CLANG_WARN_COMMA = YES;
				CLANG_WARN_CONSTANT_CONVERSION = YES;
				CLANG_WARN_DEPRECATED_OBJC_IMPLEMENTATIONS = YES;
				CLANG_WARN_DIRECT_OBJC_ISA_USAGE = YES_ERROR;
				CLANG_WARN_DOCUMENTATION_COMMENTS = YES;
				CLANG_WARN_EMPTY_BODY = YES;
				CLANG_WARN_ENUM_CONVERSION = YES;
				CLANG_WARN_INFINITE_RECURSION = YES;
				CLANG_WARN_INT_CONVERSION = YES;
				CLANG_WARN_NON_LITERAL_NULL_CONVERSION = YES;
				CLANG_WARN_OBJC_IMPLICIT_RETAIN_SELF = YES;
				CLANG_WARN_OBJC_LITERAL_CONVERSION = YES;
				CLANG_WARN_OBJC_ROOT_CLASS = YES_ERROR;
				CLANG_WARN_RANGE_LOOP_ANALYSIS = YES;
				CLANG_WARN_STRICT_PROTOTYPES = YES;
				CLANG_WARN_SUSPICIOUS_MOVE = YES;
				CLANG_WARN_UNGUARDED_AVAILABILITY = YES_AGGRESSIVE;
				CLANG_WARN_UNREACHABLE_CODE = YES;
				CLANG_WARN__DUPLICATE_METHOD_MATCH = YES;
				COPY_PHASE_STRIP = NO;
				DEBUG_INFORMATION_FORMAT = "dwarf-with-dsym";
				ENABLE_NS_ASSERTIONS = NO;
				ENABLE_STRICT_OBJC_MSGSEND = YES;
				GCC_C_LANGUAGE_STANDARD = gnu11;
				GCC_NO_COMMON_BLOCKS = YES;
				GCC_WARN_64_TO_32_BIT_CONVERSION = YES;
				GCC_WARN_ABOUT_RETURN_TYPE = YES_ERROR;
				GCC_WARN_UNDECLARED_SELECTOR = YES;
				GCC_WARN_UNINITIALIZED_AUTOS = YES_AGGRESSIVE;
				GCC_WARN_UNUSED_FUNCTION = YES;
				GCC_WARN_UNUSED_VARIABLE = YES;
				IPHONEOS_DEPLOYMENT_TARGET = 13.0;
				MTL_ENABLE_DEBUG_INFO = NO;
				MTL_FAST_MATH = YES;
				SDKROOT = iphoneos;
				SWIFT_COMPILATION_MODE = wholemodule;
				SWIFT_OPTIMIZATION_LEVEL = "-O";
				VALIDATE_PRODUCT = YES;
			};
			name = Release;
		};
		BCF239142435926500F43231 /* Debug */ = {
			isa = XCBuildConfiguration;
			baseConfigurationReference = EF80ED14EBE1618C7605980C /* Pods-Swift无限轮播.debug.xcconfig */;
			buildSettings = {
				ASSETCATALOG_COMPILER_APPICON_NAME = AppIcon;
				CODE_SIGN_STYLE = Automatic;
				INFOPLIST_FILE = "Swift无限轮播/Info.plist";
				LD_RUNPATH_SEARCH_PATHS = (
					"$(inherited)",
					"@executable_path/Frameworks",
				);
				PRODUCT_BUNDLE_IDENTIFIER = "com.jimwan.Swift----";
				PRODUCT_NAME = "$(TARGET_NAME)";
				SWIFT_VERSION = 5.0;
				TARGETED_DEVICE_FAMILY = "1,2";
			};
			name = Debug;
		};
		BCF239152435926500F43231 /* Release */ = {
			isa = XCBuildConfiguration;
			baseConfigurationReference = 0DF297CA88F6A5B1C0A94C63 /* Pods-Swift无限轮播.release.xcconfig */;
			buildSettings = {
				ASSETCATALOG_COMPILER_APPICON_NAME = AppIcon;
				CODE_SIGN_STYLE = Automatic;
				INFOPLIST_FILE = "Swift无限轮播/Info.plist";
				LD_RUNPATH_SEARCH_PATHS = (
					"$(inherited)",
					"@executable_path/Frameworks",
				);
				PRODUCT_BUNDLE_IDENTIFIER = "com.jimwan.Swift----";
				PRODUCT_NAME = "$(TARGET_NAME)";
				SWIFT_VERSION = 5.0;
				TARGETED_DEVICE_FAMILY = "1,2";
			};
			name = Release;
		};
/* End XCBuildConfiguration section */

/* Begin XCConfigurationList section */
		BCF238FA2435926500F43231 /* Build configuration list for PBXProject "Swift无限轮播" */ = {
			isa = XCConfigurationList;
			buildConfigurations = (
				BCF239112435926500F43231 /* Debug */,
				BCF239122435926500F43231 /* Release */,
			);
			defaultConfigurationIsVisible = 0;
			defaultConfigurationName = Release;
		};
		BCF239132435926500F43231 /* Build configuration list for PBXNativeTarget "Swift无限轮播" */ = {
			isa = XCConfigurationList;
			buildConfigurations = (
				BCF239142435926500F43231 /* Debug */,
				BCF239152435926500F43231 /* Release */,
			);
			defaultConfigurationIsVisible = 0;
			defaultConfigurationName = Release;
		};
/* End XCConfigurationList section */
	};
	rootObject = BCF238F72435926500F43231 /* Project object */;
}
